
Microsoft Visual Studio Solution File, Format Version 12.00
# Visual Studio 2013
VisualStudioVersion = 12.0.30110.0
MinimumVisualStudioVersion = 10.0.40219.1
Project("{FAE04EC0-301F-11D3-BF4B-00C04F79EFBC}") = "Addons", "Addons\Addons.csproj", "{9E799B20-63EC-4637-9941-AA2D13B3C842}"
EndProject
Project("{FAE04EC0-301F-11D3-BF4B-00C04F79EFBC}") = "KeraLua.Net40", "KeraLua\KeraLua.Net40.csproj", "{47153754-10F5-44D8-B578-F5A32B69061A}"
EndProject
Project("{FAE04EC0-301F-11D3-BF4B-00C04F79EFBC}") = "NLua.Net40", "NLua\NLua.Net40.csproj", "{F55CABBB-4108-4A39-94E1-581FD46DC021}"
EndProject
Project("{8BC9CEB8-8B4A-11D0-8D11-00A0C91BC942}") = "liblua", "Lua\win32\liblua.vcxproj", "{BE8916E3-AC3B-48A2-9400-F10EA32B9253}"
EndProject
Global
	GlobalSection(SolutionConfigurationPlatforms) = preSolution
		Debug|Mixed Platforms = Debug|Mixed Platforms
		Debug|Win32 = Debug|Win32
		Debug|x86 = Debug|x86
		DebugKopiLua|Mixed Platforms = DebugKopiLua|Mixed Platforms
		DebugKopiLua|Win32 = DebugKopiLua|Win32
		DebugKopiLua|x86 = DebugKopiLua|x86
		MinSizeRel|Mixed Platforms = MinSizeRel|Mixed Platforms
		MinSizeRel|Win32 = MinSizeRel|Win32
		MinSizeRel|x86 = MinSizeRel|x86
		Release|Mixed Platforms = Release|Mixed Platforms
		Release|Win32 = Release|Win32
		Release|x86 = Release|x86
		ReleaseKopiLua|Mixed Platforms = ReleaseKopiLua|Mixed Platforms
		ReleaseKopiLua|Win32 = ReleaseKopiLua|Win32
		ReleaseKopiLua|x86 = ReleaseKopiLua|x86
		RelWithDebInfo|Mixed Platforms = RelWithDebInfo|Mixed Platforms
		RelWithDebInfo|Win32 = RelWithDebInfo|Win32
		RelWithDebInfo|x86 = RelWithDebInfo|x86
	EndGlobalSection
	GlobalSection(ProjectConfigurationPlatforms) = postSolution
		{9E799B20-63EC-4637-9941-AA2D13B3C842}.Debug|Mixed Platforms.ActiveCfg = Debug|x86
		{9E799B20-63EC-4637-9941-AA2D13B3C842}.Debug|Mixed Platforms.Build.0 = Debug|x86
		{9E799B20-63EC-4637-9941-AA2D13B3C842}.Debug|Win32.ActiveCfg = Debug|x86
		{9E799B20-63EC-4637-9941-AA2D13B3C842}.Debug|Win32.Build.0 = Debug|x86
		{9E799B20-63EC-4637-9941-AA2D13B3C842}.Debug|x86.ActiveCfg = Debug|x86
		{9E799B20-63EC-4637-9941-AA2D13B3C842}.Debug|x86.Build.0 = Debug|x86
		{9E799B20-63EC-4637-9941-AA2D13B3C842}.DebugKopiLua|Mixed Platforms.ActiveCfg = Debug|x86
		{9E799B20-63EC-4637-9941-AA2D13B3C842}.DebugKopiLua|Mixed Platforms.Build.0 = Debug|x86
		{9E799B20-63EC-4637-9941-AA2D13B3C842}.DebugKopiLua|Win32.ActiveCfg = Debug|x86
		{9E799B20-63EC-4637-9941-AA2D13B3C842}.DebugKopiLua|Win32.Build.0 = Debug|x86
		{9E799B20-63EC-4637-9941-AA2D13B3C842}.DebugKopiLua|x86.ActiveCfg = Debug|x86
		{9E799B20-63EC-4637-9941-AA2D13B3C842}.DebugKopiLua|x86.Build.0 = Debug|x86
		{9E799B20-63EC-4637-9941-AA2D13B3C842}.MinSizeRel|Mixed Platforms.ActiveCfg = Release|x86
		{9E799B20-63EC-4637-9941-AA2D13B3C842}.MinSizeRel|Mixed Platforms.Build.0 = Release|x86
		{9E799B20-63EC-4637-9941-AA2D13B3C842}.MinSizeRel|Win32.ActiveCfg = Release|x86
		{9E799B20-63EC-4637-9941-AA2D13B3C842}.MinSizeRel|Win32.Build.0 = Release|x86
		{9E799B20-63EC-4637-9941-AA2D13B3C842}.MinSizeRel|x86.ActiveCfg = Release|x86
		{9E799B20-63EC-4637-9941-AA2D13B3C842}.MinSizeRel|x86.Build.0 = Release|x86
		{9E799B20-63EC-4637-9941-AA2D13B3C842}.Release|Mixed Platforms.ActiveCfg = Release|x86
		{9E799B20-63EC-4637-9941-AA2D13B3C842}.Release|Mixed Platforms.Build.0 = Release|x86
		{9E799B20-63EC-4637-9941-AA2D13B3C842}.Release|Win32.ActiveCfg = Release|x86
		{9E799B20-63EC-4637-9941-AA2D13B3C842}.Release|Win32.Build.0 = Release|x86
		{9E799B20-63EC-4637-9941-AA2D13B3C842}.Release|x86.ActiveCfg = Release|x86
		{9E799B20-63EC-4637-9941-AA2D13B3C842}.Release|x86.Build.0 = Release|x86
		{9E799B20-63EC-4637-9941-AA2D13B3C842}.ReleaseKopiLua|Mixed Platforms.ActiveCfg = Release|x86
		{9E799B20-63EC-4637-9941-AA2D13B3C842}.ReleaseKopiLua|Mixed Platforms.Build.0 = Release|x86
		{9E799B20-63EC-4637-9941-AA2D13B3C842}.ReleaseKopiLua|Win32.ActiveCfg = Release|x86
		{9E799B20-63EC-4637-9941-AA2D13B3C842}.ReleaseKopiLua|Win32.Build.0 = Release|x86
		{9E799B20-63EC-4637-9941-AA2D13B3C842}.ReleaseKopiLua|x86.ActiveCfg = Release|x86
		{9E799B20-63EC-4637-9941-AA2D13B3C842}.ReleaseKopiLua|x86.Build.0 = Release|x86
		{9E799B20-63EC-4637-9941-AA2D13B3C842}.RelWithDebInfo|Mixed Platforms.ActiveCfg = Release|x86
		{9E799B20-63EC-4637-9941-AA2D13B3C842}.RelWithDebInfo|Mixed Platforms.Build.0 = Release|x86
		{9E799B20-63EC-4637-9941-AA2D13B3C842}.RelWithDebInfo|Win32.ActiveCfg = Release|x86
		{9E799B20-63EC-4637-9941-AA2D13B3C842}.RelWithDebInfo|Win32.Build.0 = Release|x86
		{9E799B20-63EC-4637-9941-AA2D13B3C842}.RelWithDebInfo|x86.ActiveCfg = Release|x86
		{9E799B20-63EC-4637-9941-AA2D13B3C842}.RelWithDebInfo|x86.Build.0 = Release|x86
		{47153754-10F5-44D8-B578-F5A32B69061A}.Debug|Mixed Platforms.ActiveCfg = Debug|x86
		{47153754-10F5-44D8-B578-F5A32B69061A}.Debug|Mixed Platforms.Build.0 = Debug|x86
		{47153754-10F5-44D8-B578-F5A32B69061A}.Debug|Win32.ActiveCfg = Debug|x86
		{47153754-10F5-44D8-B578-F5A32B69061A}.Debug|Win32.Build.0 = Debug|x86
		{47153754-10F5-44D8-B578-F5A32B69061A}.Debug|x86.ActiveCfg = Debug|x86
		{47153754-10F5-44D8-B578-F5A32B69061A}.Debug|x86.Build.0 = Debug|x86
		{47153754-10F5-44D8-B578-F5A32B69061A}.DebugKopiLua|Mixed Platforms.ActiveCfg = Debug|x86
		{47153754-10F5-44D8-B578-F5A32B69061A}.DebugKopiLua|Mixed Platforms.Build.0 = Debug|x86
		{47153754-10F5-44D8-B578-F5A32B69061A}.DebugKopiLua|Win32.ActiveCfg = Debug|x86
		{47153754-10F5-44D8-B578-F5A32B69061A}.DebugKopiLua|Win32.Build.0 = Debug|x86
		{47153754-10F5-44D8-B578-F5A32B69061A}.DebugKopiLua|x86.ActiveCfg = Debug|x86
		{47153754-10F5-44D8-B578-F5A32B69061A}.DebugKopiLua|x86.Build.0 = Debug|x86
		{47153754-10F5-44D8-B578-F5A32B69061A}.MinSizeRel|Mixed Platforms.ActiveCfg = Release|x86
		{47153754-10F5-44D8-B578-F5A32B69061A}.MinSizeRel|Mixed Platforms.Build.0 = Release|x86
		{47153754-10F5-44D8-B578-F5A32B69061A}.MinSizeRel|Win32.ActiveCfg = Release|x86
		{47153754-10F5-44D8-B578-F5A32B69061A}.MinSizeRel|Win32.Build.0 = Release|x86
		{47153754-10F5-44D8-B578-F5A32B69061A}.MinSizeRel|x86.ActiveCfg = Release|x86
		{47153754-10F5-44D8-B578-F5A32B69061A}.MinSizeRel|x86.Build.0 = Release|x86
		{47153754-10F5-44D8-B578-F5A32B69061A}.Release|Mixed Platforms.ActiveCfg = Release|x86
		{47153754-10F5-44D8-B578-F5A32B69061A}.Release|Mixed Platforms.Build.0 = Release|x86
		{47153754-10F5-44D8-B578-F5A32B69061A}.Release|Win32.ActiveCfg = Release|x86
		{47153754-10F5-44D8-B578-F5A32B69061A}.Release|Win32.Build.0 = Release|x86
		{47153754-10F5-44D8-B578-F5A32B69061A}.Release|x86.ActiveCfg = Release|x86
		{47153754-10F5-44D8-B578-F5A32B69061A}.Release|x86.Build.0 = Release|x86
		{47153754-10F5-44D8-B578-F5A32B69061A}.ReleaseKopiLua|Mixed Platforms.ActiveCfg = Release|x86
		{47153754-10F5-44D8-B578-F5A32B69061A}.ReleaseKopiLua|Mixed Platforms.Build.0 = Release|x86
		{47153754-10F5-44D8-B578-F5A32B69061A}.ReleaseKopiLua|Win32.ActiveCfg = Release|x86
		{47153754-10F5-44D8-B578-F5A32B69061A}.ReleaseKopiLua|Win32.Build.0 = Release|x86
		{47153754-10F5-44D8-B578-F5A32B69061A}.ReleaseKopiLua|x86.ActiveCfg = Release|x86
		{47153754-10F5-44D8-B578-F5A32B69061A}.ReleaseKopiLua|x86.Build.0 = Release|x86
		{47153754-10F5-44D8-B578-F5A32B69061A}.RelWithDebInfo|Mixed Platforms.ActiveCfg = Release|x86
		{47153754-10F5-44D8-B578-F5A32B69061A}.RelWithDebInfo|Mixed Platforms.Build.0 = Release|x86
		{47153754-10F5-44D8-B578-F5A32B69061A}.RelWithDebInfo|Win32.ActiveCfg = Release|x86
		{47153754-10F5-44D8-B578-F5A32B69061A}.RelWithDebInfo|Win32.Build.0 = Release|x86
		{47153754-10F5-44D8-B578-F5A32B69061A}.RelWithDebInfo|x86.ActiveCfg = Release|x86
		{47153754-10F5-44D8-B578-F5A32B69061A}.RelWithDebInfo|x86.Build.0 = Release|x86
		{F55CABBB-4108-4A39-94E1-581FD46DC021}.Debug|Mixed Platforms.ActiveCfg = Debug|x86
		{F55CABBB-4108-4A39-94E1-581FD46DC021}.Debug|Mixed Platforms.Build.0 = Debug|x86
		{F55CABBB-4108-4A39-94E1-581FD46DC021}.Debug|Win32.ActiveCfg = Debug|x86
		{F55CABBB-4108-4A39-94E1-581FD46DC021}.Debug|Win32.Build.0 = Debug|x86
		{F55CABBB-4108-4A39-94E1-581FD46DC021}.Debug|x86.ActiveCfg = Debug|x86
		{F55CABBB-4108-4A39-94E1-581FD46DC021}.Debug|x86.Build.0 = Debug|x86
		{F55CABBB-4108-4A39-94E1-581FD46DC021}.DebugKopiLua|Mixed Platforms.ActiveCfg = Debug|x86
		{F55CABBB-4108-4A39-94E1-581FD46DC021}.DebugKopiLua|Mixed Platforms.Build.0 = Debug|x86
		{F55CABBB-4108-4A39-94E1-581FD46DC021}.DebugKopiLua|Win32.ActiveCfg = Debug|x86
		{F55CABBB-4108-4A39-94E1-581FD46DC021}.DebugKopiLua|Win32.Build.0 = Debug|x86
		{F55CABBB-4108-4A39-94E1-581FD46DC021}.DebugKopiLua|x86.ActiveCfg = Debug|x86
		{F55CABBB-4108-4A39-94E1-581FD46DC021}.DebugKopiLua|x86.Build.0 = Debug|x86
		{F55CABBB-4108-4A39-94E1-581FD46DC021}.MinSizeRel|Mixed Platforms.ActiveCfg = Release|x86
		{F55CABBB-4108-4A39-94E1-581FD46DC021}.MinSizeRel|Mixed Platforms.Build.0 = Release|x86
		{F55CABBB-4108-4A39-94E1-581FD46DC021}.MinSizeRel|Win32.ActiveCfg = Release|x86
		{F55CABBB-4108-4A39-94E1-581FD46DC021}.MinSizeRel|Win32.Build.0 = Release|x86
		{F55CABBB-4108-4A39-94E1-581FD46DC021}.MinSizeRel|x86.ActiveCfg = Release|x86
		{F55CABBB-4108-4A39-94E1-581FD46DC021}.MinSizeRel|x86.Build.0 = Release|x86
		{F55CABBB-4108-4A39-94E1-581FD46DC021}.Release|Mixed Platforms.ActiveCfg = Release|x86
		{F55CABBB-4108-4A39-94E1-581FD46DC021}.Release|Mixed Platforms.Build.0 = Release|x86
		{F55CABBB-4108-4A39-94E1-581FD46DC021}.Release|Win32.ActiveCfg = Release|x86
		{F55CABBB-4108-4A39-94E1-581FD46DC021}.Release|Win32.Build.0 = Release|x86
		{F55CABBB-4108-4A39-94E1-581FD46DC021}.Release|x86.ActiveCfg = Release|x86
		{F55CABBB-4108-4A39-94E1-581FD46DC021}.Release|x86.Build.0 = Release|x86
		{F55CABBB-4108-4A39-94E1-581FD46DC021}.ReleaseKopiLua|Mixed Platforms.ActiveCfg = Release|x86
		{F55CABBB-4108-4A39-94E1-581FD46DC021}.ReleaseKopiLua|Mixed Platforms.Build.0 = Release|x86
		{F55CABBB-4108-4A39-94E1-581FD46DC021}.ReleaseKopiLua|Win32.ActiveCfg = Release|x86
		{F55CABBB-4108-4A39-94E1-581FD46DC021}.ReleaseKopiLua|Win32.Build.0 = Release|x86
		{F55CABBB-4108-4A39-94E1-581FD46DC021}.ReleaseKopiLua|x86.ActiveCfg = Release|x86
		{F55CABBB-4108-4A39-94E1-581FD46DC021}.ReleaseKopiLua|x86.Build.0 = Release|x86
		{F55CABBB-4108-4A39-94E1-581FD46DC021}.RelWithDebInfo|Mixed Platforms.ActiveCfg = Release|x86
		{F55CABBB-4108-4A39-94E1-581FD46DC021}.RelWithDebInfo|Mixed Platforms.Build.0 = Release|x86
		{F55CABBB-4108-4A39-94E1-581FD46DC021}.RelWithDebInfo|Win32.ActiveCfg = Release|x86
		{F55CABBB-4108-4A39-94E1-581FD46DC021}.RelWithDebInfo|Win32.Build.0 = Release|x86
		{F55CABBB-4108-4A39-94E1-581FD46DC021}.RelWithDebInfo|x86.ActiveCfg = Release|x86
		{F55CABBB-4108-4A39-94E1-581FD46DC021}.RelWithDebInfo|x86.Build.0 = Release|x86
		{BE8916E3-AC3B-48A2-9400-F10EA32B9253}.Debug|Mixed Platforms.ActiveCfg = Debug|Win32
		{BE8916E3-AC3B-48A2-9400-F10EA32B9253}.Debug|Mixed Platforms.Build.0 = Debug|Win32
		{BE8916E3-AC3B-48A2-9400-F10EA32B9253}.Debug|Win32.ActiveCfg = Debug|Win32
		{BE8916E3-AC3B-48A2-9400-F10EA32B9253}.Debug|Win32.Build.0 = Debug|Win32
		{BE8916E3-AC3B-48A2-9400-F10EA32B9253}.Debug|x86.ActiveCfg = Debug|Win32
		{BE8916E3-AC3B-48A2-9400-F10EA32B9253}.Debug|x86.Build.0 = Debug|Win32
		{BE8916E3-AC3B-48A2-9400-F10EA32B9253}.DebugKopiLua|Mixed Platforms.ActiveCfg = Debug|Win32
		{BE8916E3-AC3B-48A2-9400-F10EA32B9253}.DebugKopiLua|Mixed Platforms.Build.0 = Debug|Win32
		{BE8916E3-AC3B-48A2-9400-F10EA32B9253}.DebugKopiLua|Win32.ActiveCfg = Debug|Win32
		{BE8916E3-AC3B-48A2-9400-F10EA32B9253}.DebugKopiLua|Win32.Build.0 = Debug|Win32
		{BE8916E3-AC3B-48A2-9400-F10EA32B9253}.DebugKopiLua|x86.ActiveCfg = Debug|Win32
		{BE8916E3-AC3B-48A2-9400-F10EA32B9253}.DebugKopiLua|x86.Build.0 = Debug|Win32
		{BE8916E3-AC3B-48A2-9400-F10EA32B9253}.MinSizeRel|Mixed Platforms.ActiveCfg = MinSizeRel|Win32
		{BE8916E3-AC3B-48A2-9400-F10EA32B9253}.MinSizeRel|Mixed Platforms.Build.0 = MinSizeRel|Win32
		{BE8916E3-AC3B-48A2-9400-F10EA32B9253}.MinSizeRel|Win32.ActiveCfg = MinSizeRel|Win32
		{BE8916E3-AC3B-48A2-9400-F10EA32B9253}.MinSizeRel|Win32.Build.0 = MinSizeRel|Win32
		{BE8916E3-AC3B-48A2-9400-F10EA32B9253}.MinSizeRel|x86.ActiveCfg = MinSizeRel|Win32
		{BE8916E3-AC3B-48A2-9400-F10EA32B9253}.MinSizeRel|x86.Build.0 = MinSizeRel|Win32
		{BE8916E3-AC3B-48A2-9400-F10EA32B9253}.Release|Mixed Platforms.ActiveCfg = Release|Win32
		{BE8916E3-AC3B-48A2-9400-F10EA32B9253}.Release|Mixed Platforms.Build.0 = Release|Win32
		{BE8916E3-AC3B-48A2-9400-F10EA32B9253}.Release|Win32.ActiveCfg = Release|Win32
		{BE8916E3-AC3B-48A2-9400-F10EA32B9253}.Release|Win32.Build.0 = Release|Win32
		{BE8916E3-AC3B-48A2-9400-F10EA32B9253}.Release|x86.ActiveCfg = Release|Win32
		{BE8916E3-AC3B-48A2-9400-F10EA32B9253}.Release|x86.Build.0 = Release|Win32
		{BE8916E3-AC3B-48A2-9400-F10EA32B9253}.ReleaseKopiLua|Mixed Platforms.ActiveCfg = Release|Win32
		{BE8916E3-AC3B-48A2-9400-F10EA32B9253}.ReleaseKopiLua|Mixed Platforms.Build.0 = Release|Win32
		{BE8916E3-AC3B-48A2-9400-F10EA32B9253}.ReleaseKopiLua|Win32.ActiveCfg = Release|Win32
		{BE8916E3-AC3B-48A2-9400-F10EA32B9253}.ReleaseKopiLua|Win32.Build.0 = Release|Win32
		{BE8916E3-AC3B-48A2-9400-F10EA32B9253}.ReleaseKopiLua|x86.ActiveCfg = Release|Win32
		{BE8916E3-AC3B-48A2-9400-F10EA32B9253}.ReleaseKopiLua|x86.Build.0 = Release|Win32
		{BE8916E3-AC3B-48A2-9400-F10EA32B9253}.RelWithDebInfo|Mixed Platforms.ActiveCfg = RelWithDebInfo|Win32
		{BE8916E3-AC3B-48A2-9400-F10EA32B9253}.RelWithDebInfo|Mixed Platforms.Build.0 = RelWithDebInfo|Win32
		{BE8916E3-AC3B-48A2-9400-F10EA32B9253}.RelWithDebInfo|Win32.ActiveCfg = RelWithDebInfo|Win32
		{BE8916E3-AC3B-48A2-9400-F10EA32B9253}.RelWithDebInfo|Win32.Build.0 = RelWithDebInfo|Win32
		{BE8916E3-AC3B-48A2-9400-F10EA32B9253}.RelWithDebInfo|x86.ActiveCfg = RelWithDebInfo|Win32
		{BE8916E3-AC3B-48A2-9400-F10EA32B9253}.RelWithDebInfo|x86.Build.0 = RelWithDebInfo|Win32
	EndGlobalSection
	GlobalSection(SolutionProperties) = preSolution
		HideSolutionNode = FALSE
	EndGlobalSection
EndGlobal
